
Microsoft Visual Studio Solution File, Format Version 12.00
# Visual Studio Version 17
VisualStudioVersion = 17.14.37012.4
MinimumVisualStudioVersion = 10.0.40219.1
Project("{FAE04EC0-301F-11D3-BF4B-00C04F79EFBC}") = "Kontroler", "Kontroler\Kontroler.csproj", "{194F0BA9-985C-0586-DCFD-63307C236009}"
EndProject
Project("{FAE04EC0-301F-11D3-BF4B-00C04F79EFBC}") = "Domen", "Domen\Domen.csproj", "{13B5E5A9-4011-9B23-359A-35C6A3699E12}"
EndProject
Project("{FAE04EC0-301F-11D3-BF4B-00C04F79EFBC}") = "BrokerBazePodataka", "BrokerBazePodataka\BrokerBazePodataka.csproj", "{F247B043-D9CA-DB47-47E1-053567ADE3EC}"
EndProject
Project("{FAE04EC0-301F-11D3-BF4B-00C04F79EFBC}") = "Forme", "Forme\Forme.csproj", "{B95DCE59-FCB0-4A0B-B025-E6C9F48DB2D6}"
EndProject
Global
	GlobalSection(SolutionConfigurationPlatforms) = preSolution
		Debug|Any CPU = Debug|Any CPU
		Release|Any CPU = Release|Any CPU
	EndGlobalSection
	GlobalSection(ProjectConfigurationPlatforms) = postSolution
		{194F0BA9-985C-0586-DCFD-63307C236009}.Debug|Any CPU.ActiveCfg = Debug|Any CPU
		{194F0BA9-985C-0586-DCFD-63307C236009}.Debug|Any CPU.Build.0 = Debug|Any CPU
		{194F0BA9-985C-0586-DCFD-63307C236009}.Release|Any CPU.ActiveCfg = Release|Any CPU
		{194F0BA9-985C-0586-DCFD-63307C236009}.Release|Any CPU.Build.0 = Release|Any CPU
		{13B5E5A9-4011-9B23-359A-35C6A3699E12}.Debug|Any CPU.ActiveCfg = Debug|Any CPU
		{13B5E5A9-4011-9B23-359A-35C6A3699E12}.Debug|Any CPU.Build.0 = Debug|Any CPU
		{13B5E5A9-4011-9B23-359A-35C6A3699E12}.Release|Any CPU.ActiveCfg = Release|Any CPU
		{13B5E5A9-4011-9B23-359A-35C6A3699E12}.Release|Any CPU.Build.0 = Release|Any CPU
		{F247B043-D9CA-DB47-47E1-053567ADE3EC}.Debug|Any CPU.ActiveCfg = Debug|Any CPU
		{F247B043-D9CA-DB47-47E1-053567ADE3EC}.Debug|Any CPU.Build.0 = Debug|Any CPU
		{F247B043-D9CA-DB47-47E1-053567ADE3EC}.Release|Any CPU.ActiveCfg = Release|Any CPU
		{F247B043-D9CA-DB47-47E1-053567ADE3EC}.Release|Any CPU.Build.0 = Release|Any CPU
		{B95DCE59-FCB0-4A0B-B025-E6C9F48DB2D6}.Debug|Any CPU.ActiveCfg = Debug|Any CPU
		{B95DCE59-FCB0-4A0B-B025-E6C9F48DB2D6}.Debug|Any CPU.Build.0 = Debug|Any CPU
		{B95DCE59-FCB0-4A0B-B025-E6C9F48DB2D6}.Release|Any CPU.ActiveCfg = Release|Any CPU
		{B95DCE59-FCB0-4A0B-B025-E6C9F48DB2D6}.Release|Any CPU.Build.0 = Release|Any CPU
	EndGlobalSection
	GlobalSection(SolutionProperties) = preSolution
		HideSolutionNode = FALSE
	EndGlobalSection
	GlobalSection(ExtensibilityGlobals) = postSolution
		SolutionGuid = {A11D53A8-F381-411F-B52E-25B90DD0E4E2}
	EndGlobalSection
EndGlobal
